
Microsoft Visual Studio Solution File, Format Version 12.00
# Visual Studio Version 16
VisualStudioVersion = 16.0.30523.141
MinimumVisualStudioVersion = 10.0.40219.1
Project("{FAE04EC0-301F-11D3-BF4B-00C04F79EFBC}") = "connection", "connection.csproj", "{D8A78B30-2BED-4171-BA53-B57BEA01EA31}"
EndProject
Global
	GlobalSection(SolutionConfigurationPlatforms) = preSolution
		Debug|Any CPU = Debug|Any CPU
		Release|Any CPU = Release|Any CPU
	EndGlobalSection
	GlobalSection(ProjectConfigurationPlatforms) = postSolution
		{D8A78B30-2BED-4171-BA53-B57BEA01EA31}.Debug|Any CPU.ActiveCfg = Debug|Any CPU
		{D8A78B30-2BED-4171-BA53-B57BEA01EA31}.Debug|Any CPU.Build.0 = Debug|Any CPU
		{D8A78B30-2BED-4171-BA53-B57BEA01EA31}.Release|Any CPU.ActiveCfg = Release|Any CPU
		{D8A78B30-2BED-4171-BA53-B57BEA01EA31}.Release|Any CPU.Build.0 = Release|Any CPU
	EndGlobalSection
	GlobalSection(SolutionProperties) = preSolution
		HideSolutionNode = FALSE
	EndGlobalSection
	GlobalSection(ExtensibilityGlobals) = postSolution
		SolutionGuid = {98C6D05F-81F4-45E0-92A6-91DD923C8A08}
	EndGlobalSection
EndGlobal
